
Microsoft Visual Studio Solution File, Format Version 12.00
# Visual Studio 14
VisualStudioVersion = 14.0.25420.1
MinimumVisualStudioVersion = 10.0.40219.1
Project("{FAE04EC0-301F-11D3-BF4B-00C04F79EFBC}") = "WikipediaDumpIndexer.Core", "WikipediaDumpIndexer.Core\WikipediaDumpIndexer.Core.csproj", "{3B434AB6-9D61-4C8D-BCAF-E7A648CFC731}"
EndProject
Project("{FAE04EC0-301F-11D3-BF4B-00C04F79EFBC}") = "WikipediaDumpIndexer.Cmd", "WikipediaDumpIndexer.Cmd\WikipediaDumpIndexer.Cmd.csproj", "{F6F750B8-F4DD-4F71-B23B-EA05FDA8A62C}"
EndProject
Project("{2150E333-8FDC-42A3-9474-1A3956D46DE8}") = "Solution Items", "Solution Items", "{C325EFA7-F722-403D-A905-50A80B8BBD48}"
	ProjectSection(SolutionItems) = preProject
		CopyDependencies.target = CopyDependencies.target
	EndProjectSection
EndProject
Project("{FAE04EC0-301F-11D3-BF4B-00C04F79EFBC}") = "WikipediaDumpIndexer.Desktop", "WikipediaDumpIndexer.Desktop\WikipediaDumpIndexer.Desktop.csproj", "{A0B07884-4DEB-4882-8DF5-CA4E9EBFC355}"
EndProject
Project("{FAE04EC0-301F-11D3-BF4B-00C04F79EFBC}") = "CopyDependencies", "CopyDependencies\CopyDependencies.csproj", "{A0E0FAAE-2133-4995-98FB-7A7F8A7D6057}"
EndProject
Project("{2150E333-8FDC-42A3-9474-1A3956D46DE8}") = "Backend", "Backend", "{F3AD9508-FF5B-42F4-B5CA-FC5A7AC1726A}"
EndProject
Project("{2150E333-8FDC-42A3-9474-1A3956D46DE8}") = "Frontend", "Frontend", "{DBBF3CD1-DE6C-416F-9D3D-4A5EB7C41957}"
EndProject
Global
	GlobalSection(SolutionConfigurationPlatforms) = preSolution
		Debug|Any CPU = Debug|Any CPU
		Debug|x86 = Debug|x86
		Release|Any CPU = Release|Any CPU
		Release|x86 = Release|x86
	EndGlobalSection
	GlobalSection(ProjectConfigurationPlatforms) = postSolution
		{3B434AB6-9D61-4C8D-BCAF-E7A648CFC731}.Debug|Any CPU.ActiveCfg = Debug|Any CPU
		{3B434AB6-9D61-4C8D-BCAF-E7A648CFC731}.Debug|Any CPU.Build.0 = Debug|Any CPU
		{3B434AB6-9D61-4C8D-BCAF-E7A648CFC731}.Debug|x86.ActiveCfg = Debug|Any CPU
		{3B434AB6-9D61-4C8D-BCAF-E7A648CFC731}.Debug|x86.Build.0 = Debug|Any CPU
		{3B434AB6-9D61-4C8D-BCAF-E7A648CFC731}.Release|Any CPU.ActiveCfg = Release|Any CPU
		{3B434AB6-9D61-4C8D-BCAF-E7A648CFC731}.Release|Any CPU.Build.0 = Release|Any CPU
		{3B434AB6-9D61-4C8D-BCAF-E7A648CFC731}.Release|x86.ActiveCfg = Release|Any CPU
		{3B434AB6-9D61-4C8D-BCAF-E7A648CFC731}.Release|x86.Build.0 = Release|Any CPU
		{F6F750B8-F4DD-4F71-B23B-EA05FDA8A62C}.Debug|Any CPU.ActiveCfg = Debug|Any CPU
		{F6F750B8-F4DD-4F71-B23B-EA05FDA8A62C}.Debug|Any CPU.Build.0 = Debug|Any CPU
		{F6F750B8-F4DD-4F71-B23B-EA05FDA8A62C}.Debug|x86.ActiveCfg = Debug|Any CPU
		{F6F750B8-F4DD-4F71-B23B-EA05FDA8A62C}.Debug|x86.Build.0 = Debug|Any CPU
		{F6F750B8-F4DD-4F71-B23B-EA05FDA8A62C}.Release|Any CPU.ActiveCfg = Release|Any CPU
		{F6F750B8-F4DD-4F71-B23B-EA05FDA8A62C}.Release|Any CPU.Build.0 = Release|Any CPU
		{F6F750B8-F4DD-4F71-B23B-EA05FDA8A62C}.Release|x86.ActiveCfg = Release|Any CPU
		{F6F750B8-F4DD-4F71-B23B-EA05FDA8A62C}.Release|x86.Build.0 = Release|Any CPU
		{A0B07884-4DEB-4882-8DF5-CA4E9EBFC355}.Debug|Any CPU.ActiveCfg = Debug|Any CPU
		{A0B07884-4DEB-4882-8DF5-CA4E9EBFC355}.Debug|Any CPU.Build.0 = Debug|Any CPU
		{A0B07884-4DEB-4882-8DF5-CA4E9EBFC355}.Debug|x86.ActiveCfg = Debug|Any CPU
		{A0B07884-4DEB-4882-8DF5-CA4E9EBFC355}.Debug|x86.Build.0 = Debug|Any CPU
		{A0B07884-4DEB-4882-8DF5-CA4E9EBFC355}.Release|Any CPU.ActiveCfg = Release|Any CPU
		{A0B07884-4DEB-4882-8DF5-CA4E9EBFC355}.Release|Any CPU.Build.0 = Release|Any CPU
		{A0B07884-4DEB-4882-8DF5-CA4E9EBFC355}.Release|x86.ActiveCfg = Release|Any CPU
		{A0B07884-4DEB-4882-8DF5-CA4E9EBFC355}.Release|x86.Build.0 = Release|Any CPU
		{A0E0FAAE-2133-4995-98FB-7A7F8A7D6057}.Debug|Any CPU.ActiveCfg = Debug|Any CPU
		{A0E0FAAE-2133-4995-98FB-7A7F8A7D6057}.Debug|Any CPU.Build.0 = Debug|Any CPU
		{A0E0FAAE-2133-4995-98FB-7A7F8A7D6057}.Debug|x86.ActiveCfg = Debug|Any CPU
		{A0E0FAAE-2133-4995-98FB-7A7F8A7D6057}.Debug|x86.Build.0 = Debug|Any CPU
		{A0E0FAAE-2133-4995-98FB-7A7F8A7D6057}.Release|Any CPU.ActiveCfg = Release|Any CPU
		{A0E0FAAE-2133-4995-98FB-7A7F8A7D6057}.Release|Any CPU.Build.0 = Release|Any CPU
		{A0E0FAAE-2133-4995-98FB-7A7F8A7D6057}.Release|x86.ActiveCfg = Release|Any CPU
		{A0E0FAAE-2133-4995-98FB-7A7F8A7D6057}.Release|x86.Build.0 = Release|Any CPU
	EndGlobalSection
	GlobalSection(SolutionProperties) = preSolution
		HideSolutionNode = FALSE
	EndGlobalSection
	GlobalSection(NestedProjects) = preSolution
		{3B434AB6-9D61-4C8D-BCAF-E7A648CFC731} = {F3AD9508-FF5B-42F4-B5CA-FC5A7AC1726A}
		{F6F750B8-F4DD-4F71-B23B-EA05FDA8A62C} = {DBBF3CD1-DE6C-416F-9D3D-4A5EB7C41957}
		{A0B07884-4DEB-4882-8DF5-CA4E9EBFC355} = {DBBF3CD1-DE6C-416F-9D3D-4A5EB7C41957}
		{A0E0FAAE-2133-4995-98FB-7A7F8A7D6057} = {C325EFA7-F722-403D-A905-50A80B8BBD48}
	EndGlobalSection
EndGlobal
